Microsoft Visual Studio Solution File, Format Version 12.00
# Visual Studio 2012
Project("{FAE04EC0-301F-11D3-BF4B-00C04F79EFBC}") = "Goodt 2D Shooter", "Goodt 2D Shooter.csproj", "{EECD1E48-4F57-406F-AEBF-506496844217}"
EndProject
Global
	GlobalSection(SolutionConfigurationPlatforms) = preSolution
	Debug|Any CPU = Debug|Any CPU
	Release|Any CPU = Release|Any CPU
	Tools|Any CPU = Tools|Any CPU
	EndGlobalSection
	GlobalSection(ProjectConfigurationPlatforms) = postSolution
		{EECD1E48-4F57-406F-AEBF-506496844217}.Debug|Any CPU.ActiveCfg = Debug|Any CPU
		{EECD1E48-4F57-406F-AEBF-506496844217}.Debug|Any CPU.Build.0 = Debug|Any CPU
		{EECD1E48-4F57-406F-AEBF-506496844217}.Release|Any CPU.ActiveCfg = Release|Any CPU
		{EECD1E48-4F57-406F-AEBF-506496844217}.Release|Any CPU.Build.0 = Release|Any CPU
		{EECD1E48-4F57-406F-AEBF-506496844217}.Tools|Any CPU.ActiveCfg = Tools|Any CPU
		{EECD1E48-4F57-406F-AEBF-506496844217}.Tools|Any CPU.Build.0 = Tools|Any CPU
	EndGlobalSection
EndGlobal
